# This file is automatically @generated by Cargo.
# It is not intended for manual editing.
version = 4

[[package]]
name = "bootloader"
version = "0.9.35"
source = "registry+https://github.com/rust-lang/crates.io-index"
checksum = "e22d5a0b9e11dd5bee9d24a68885de6dc7ed367f897323b1c1286150fd469374"

[[package]]
name = "cml"
version = "0.1.0"
source = "git+https://github.com/juv4uk/cml.git?rev=45cbdc6cbbec756e1b03ef50dc3d1a77647ab14f#45cbdc6cbbec756e1b03ef50dc3d1a77647ab14f"
dependencies = [
 "wsm-os-target 0.1.0 (git+https://github.com/juv4uk/wsm-os.git?rev=fe168ebc572c82c237faa4a952eec63e531dcc47)",
]

[[package]]
name = "wsm-os-hosted"
version = "0.1.0"
dependencies = [
 "cml",
 "wsm-os-runtime",
 "wsm-os-target 0.1.0",
]

[[package]]
name = "wsm-os-kernel"
version = "0.1.0"
dependencies = [
 "bootloader",
 "wsm-os-runtime",
]

[[package]]
name = "wsm-os-runtime"
version = "0.1.0"
dependencies = [
 "wsm-os-target 0.1.0",
]

[[package]]
name = "wsm-os-target"
version = "0.1.0"

[[package]]
name = "wsm-os-target"
version = "0.1.0"
source = "git+https://github.com/juv4uk/wsm-os.git?rev=fe168ebc572c82c237faa4a952eec63e531dcc47#fe168ebc572c82c237faa4a952eec63e531dcc47"
